// !$*UTF8*$!
{
	archiveVersion = 1;
	classes = {
	};
	objectVersion = 50;
	objects = {

/* Begin PBXBuildFile section */
		6DFEB07824FCD7720069004C /* AppDelegate.swift in Sources */ = {isa = PBXBuildFile; fileRef = 6DFEB07724FCD7720069004C /* AppDelegate.swift */; };
		6DFEB07A24FCD7720069004C /* SceneDelegate.swift in Sources */ = {isa = PBXBuildFile; fileRef = 6DFEB07924FCD7720069004C /* SceneDelegate.swift */; };
		6DFEB07D24FCD7720069004C /* CounterApp.xcdatamodeld in Sources */ = {isa = PBXBuildFile; fileRef = 6DFEB07B24FCD7720069004C /* CounterApp.xcdatamodeld */; };
		6DFEB07F24FCD7720069004C /* ContentView.swift in Sources */ = {isa = PBXBuildFile; fileRef = 6DFEB07E24FCD7720069004C /* ContentView.swift */; };
		6DFEB08124FCD7740069004C /* Assets.xcassets in Resources */ = {isa = PBXBuildFile; fileRef = 6DFEB08024FCD7740069004C /* Assets.xcassets */; };
		6DFEB08424FCD7740069004C /* Preview Assets.xcassets in Resources */ = {isa = PBXBuildFile; fileRef = 6DFEB08324FCD7740069004C /* Preview Assets.xcassets */; };
		6DFEB08724FCD7740069004C /* LaunchScreen.storyboard in Resources */ = {isa = PBXBuildFile; fileRef = 6DFEB08524FCD7740069004C /* LaunchScreen.storyboard */; };
		6DFEB09224FCD7740069004C /* CounterAppTests.swift in Sources */ = {isa = PBXBuildFile; fileRef = 6DFEB09124FCD7740069004C /* CounterAppTests.swift */; };
		6DFEB09D24FCD7740069004C /* CounterAppUITests.swift in Sources */ = {isa = PBXBuildFile; fileRef = 6DFEB09C24FCD7740069004C /* CounterAppUITests.swift */; };
/* End PBXBuildFile section */

/* Begin PBXContainerItemProxy section */
		6DFEB08E24FCD7740069004C /* PBXContainerItemProxy */ = {
			isa = PBXContainerItemProxy;
			containerPortal = 6DFEB06C24FCD7720069004C /* Project object */;
			proxyType = 1;
			remoteGlobalIDString = 6DFEB07324FCD7720069004C;
			remoteInfo = CounterApp;
		};
		6DFEB09924FCD7740069004C /* PBXContainerItemProxy */ = {
			isa = PBXContainerItemProxy;
			containerPortal = 6DFEB06C24FCD7720069004C /* Project object */;
			proxyType = 1;
			remoteGlobalIDString = 6DFEB07324FCD7720069004C;
			remoteInfo = CounterApp;
		};
/* End PBXContainerItemProxy section */

/* Begin PBXFileReference section */
		6DFEB07424FCD7720069004C /* CounterApp.app */ = {isa = PBXFileReference; explicitFileType = wrapper.application; includeInIndex = 0; path = CounterApp.app; sourceTree = BUILT_PRODUCTS_DIR; };
		6DFEB07724FCD7720069004C /* AppDelegate.swift */ = {isa = PBXFileReference; lastKnownFileType = sourcecode.swift; path = AppDelegate.swift; sourceTree = "<group>"; };
		6DFEB07924FCD7720069004C /* SceneDelegate.swift */ = {isa = PBXFileReference; lastKnownFileType = sourcecode.swift; path = SceneDelegate.swift; sourceTree = "<group>"; };
		6DFEB07C24FCD7720069004C /* CounterApp.xcdatamodel */ = {isa = PBXFileReference; lastKnownFileType = wrapper.xcdatamodel; path = CounterApp.xcdatamodel; sourceTree = "<group>"; };
		6DFEB07E24FCD7720069004C /* ContentView.swift */ = {isa = PBXFileReference; lastKnownFileType = sourcecode.swift; path = ContentView.swift; sourceTree = "<group>"; };
		6DFEB08024FCD7740069004C /* Assets.xcassets */ = {isa = PBXFileReference; lastKnownFileType = folder.assetcatalog; path = Assets.xcassets; sourceTree = "<group>"; };
		6DFEB08324FCD7740069004C /* Preview Assets.xcassets */ = {isa = PBXFileReference; lastKnownFileType = folder.assetcatalog; path = "Preview Assets.xcassets"; sourceTree = "<group>"; };
		6DFEB08624FCD7740069004C /* Base */ = {isa = PBXFileReference; lastKnownFileType = file.storyboard; name = Base; path = Base.lproj/LaunchScreen.storyboard; sourceTree = "<group>"; };
		6DFEB08824FCD7740069004C /* Info.plist */ = {isa = PBXFileReference; lastKnownFileType = text.plist.xml; path = Info.plist; sourceTree = "<group>"; };
		6DFEB08D24FCD7740069004C /* CounterAppTests.xctest */ = {isa = PBXFileReference; explicitFileType = wrapper.cfbundle; includeInIndex = 0; path = CounterAppTests.xctest; sourceTree = BUILT_PRODUCTS_DIR; };
		6DFEB09124FCD7740069004C /* CounterAppTests.swift */ = {isa = PBXFileReference; lastKnownFileType = sourcecode.swift; path = CounterAppTests.swift; sourceTree = "<group>"; };
		6DFEB09324FCD7740069004C /* Info.plist */ = {isa = PBXFileReference; lastKnownFileType = text.plist.xml; path = Info.plist; sourceTree = "<group>"; };
		6DFEB09824FCD7740069004C /* CounterAppUITests.xctest */ = {isa = PBXFileReference; explicitFileType = wrapper.cfbundle; includeInIndex = 0; path = CounterAppUITests.xctest; sourceTree = BUILT_PRODUCTS_DIR; };
		6DFEB09C24FCD7740069004C /* CounterAppUITests.swift */ = {isa = PBXFileReference; lastKnownFileType = sourcecode.swift; path = CounterAppUITests.swift; sourceTree = "<group>"; };
		6DFEB09E24FCD7740069004C /* Info.plist */ = {isa = PBXFileReference; lastKnownFileType = text.plist.xml; path = Info.plist; sourceTree = "<group>"; };
/* End PBXFileReference section */

/* Begin PBXFrameworksBuildPhase section */
		6DFEB07124FCD7720069004C /* Frameworks */ = {
			isa = PBXFrameworksBuildPhase;
			buildActionMask = 2147483647;
			files = (
			);
			runOnlyForDeploymentPostprocessing = 0;
		};
		6DFEB08A24FCD7740069004C /* Frameworks */ = {
			isa = PBXFrameworksBuildPhase;
			buildActionMask = 2147483647;
			files = (
			);
			runOnlyForDeploymentPostprocessing = 0;
		};
		6DFEB09524FCD7740069004C /* Frameworks */ = {
			isa = PBXFrameworksBuildPhase;
			buildActionMask = 2147483647;
			files = (
			);
			runOnlyForDeploymentPostprocessing = 0;
		};
/* End PBXFrameworksBuildPhase section */

/* Begin PBXGroup section */
		6DFEB06B24FCD7720069004C = {
			isa = PBXGroup;
			children = (
				6DFEB07624FCD7720069004C /* CounterApp */,
				6DFEB09024FCD7740069004C /* CounterAppTests */,
				6DFEB09B24FCD7740069004C /* CounterAppUITests */,
				6DFEB07524FCD7720069004C /* Products */,
			);
			sourceTree = "<group>";
		};
		6DFEB07524FCD7720069004C /* Products */ = {
			isa = PBXGroup;
			children = (
				6DFEB07424FCD7720069004C /* CounterApp.app */,
				6DFEB08D24FCD7740069004C /* CounterAppTests.xctest */,
				6DFEB09824FCD7740069004C /* CounterAppUITests.xctest */,
			);
			name = Products;
			sourceTree = "<group>";
		};
		6DFEB07624FCD7720069004C /* CounterApp */ = {
			isa = PBXGroup;
			children = (
				6DFEB07724FCD7720069004C /* AppDelegate.swift */,
				6DFEB07924FCD7720069004C /* SceneDelegate.swift */,
				6DFEB07E24FCD7720069004C /* ContentView.swift */,
				6DFEB08024FCD7740069004C /* Assets.xcassets */,
				6DFEB08524FCD7740069004C /* LaunchScreen.storyboard */,
				6DFEB08824FCD7740069004C /* Info.plist */,
				6DFEB07B24FCD7720069004C /* CounterApp.xcdatamodeld */,
				6DFEB08224FCD7740069004C /* Preview Content */,
			);
			path = CounterApp;
			sourceTree = "<group>";
		};
		6DFEB08224FCD7740069004C /* Preview Content */ = {
			isa = PBXGroup;
			children = (
				6DFEB08324FCD7740069004C /* Preview Assets.xcassets */,
			);
			path = "Preview Content";
			sourceTree = "<group>";
		};
		6DFEB09024FCD7740069004C /* CounterAppTests */ = {
			isa = PBXGroup;
			children = (
				6DFEB09124FCD7740069004C /* CounterAppTests.swift */,
				6DFEB09324FCD7740069004C /* Info.plist */,
			);
			path = CounterAppTests;
			sourceTree = "<group>";
		};
		6DFEB09B24FCD7740069004C /* CounterAppUITests */ = {
			isa = PBXGroup;
			children = (
				6DFEB09C24FCD7740069004C /* CounterAppUITests.swift */,
				6DFEB09E24FCD7740069004C /* Info.plist */,
			);
			path = CounterAppUITests;
			sourceTree = "<group>";
		};
/* End PBXGroup section */

/* Begin PBXNativeTarget section */
		6DFEB07324FCD7720069004C /* CounterApp */ = {
			isa = PBXNativeTarget;
			buildConfigurationList = 6DFEB0A124FCD7740069004C /* Build configuration list for PBXNativeTarget "CounterApp" */;
			buildPhases = (
				6DFEB07024FCD7720069004C /* Sources */,
				6DFEB07124FCD7720069004C /* Frameworks */,
				6DFEB07224FCD7720069004C /* Resources */,
			);
			buildRules = (
			);
			dependencies = (
			);
			name = CounterApp;
			productName = CounterApp;
			productReference = 6DFEB07424FCD7720069004C /* CounterApp.app */;
			productType = "com.apple.product-type.application";
		};
		6DFEB08C24FCD7740069004C /* CounterAppTests */ = {
			isa = PBXNativeTarget;
			buildConfigurationList = 6DFEB0A424FCD7740069004C /* Build configuration list for PBXNativeTarget "CounterAppTests" */;
			buildPhases = (
				6DFEB08924FCD7740069004C /* Sources */,
				6DFEB08A24FCD7740069004C /* Frameworks */,
				6DFEB08B24FCD7740069004C /* Resources */,
			);
			buildRules = (
			);
			dependencies = (
				6DFEB08F24FCD7740069004C /* PBXTargetDependency */,
			);
			name = CounterAppTests;
			productName = CounterAppTests;
			productReference = 6DFEB08D24FCD7740069004C /* CounterAppTests.xctest */;
			productType = "com.apple.product-type.bundle.unit-test";
		};
		6DFEB09724FCD7740069004C /* CounterAppUITests */ = {
			isa = PBXNativeTarget;
			buildConfigurationList = 6DFEB0A724FCD7740069004C /* Build configuration list for PBXNativeTarget "CounterAppUITests" */;
			buildPhases = (
				6DFEB09424FCD7740069004C /* Sources */,
				6DFEB09524FCD7740069004C /* Frameworks */,
				6DFEB09624FCD7740069004C /* Resources */,
			);
			buildRules = (
			);
			dependencies = (
				6DFEB09A24FCD7740069004C /* PBXTargetDependency */,
			);
			name = CounterAppUITests;
			productName = CounterAppUITests;
			productReference = 6DFEB09824FCD7740069004C /* CounterAppUITests.xctest */;
			productType = "com.apple.product-type.bundle.ui-testing";
		};
/* End PBXNativeTarget section */

/* Begin PBXProject section */
		6DFEB06C24FCD7720069004C /* Project object */ = {
			isa = PBXProject;
			attributes = {
				LastSwiftUpdateCheck = 1160;
				LastUpgradeCheck = 1160;
				ORGANIZATIONNAME = "高橋岳宏";
				TargetAttributes = {
					6DFEB07324FCD7720069004C = {
						CreatedOnToolsVersion = 11.6;
					};
					6DFEB08C24FCD7740069004C = {
						CreatedOnToolsVersion = 11.6;
						TestTargetID = 6DFEB07324FCD7720069004C;
					};
					6DFEB09724FCD7740069004C = {
						CreatedOnToolsVersion = 11.6;
						TestTargetID = 6DFEB07324FCD7720069004C;
					};
				};
			};
			buildConfigurationList = 6DFEB06F24FCD7720069004C /* Build configuration list for PBXProject "CounterApp" */;
			compatibilityVersion = "Xcode 9.3";
			developmentRegion = en;
			hasScannedForEncodings = 0;
			knownRegions = (
				en,
				Base,
			);
			mainGroup = 6DFEB06B24FCD7720069004C;
			productRefGroup = 6DFEB07524FCD7720069004C /* Products */;
			projectDirPath = "";
			projectRoot = "";
			targets = (
				6DFEB07324FCD7720069004C /* CounterApp */,
				6DFEB08C24FCD7740069004C /* CounterAppTests */,
				6DFEB09724FCD7740069004C /* CounterAppUITests */,
			);
		};
/* End PBXProject section */

/* Begin PBXResourcesBuildPhase section */
		6DFEB07224FCD7720069004C /* Resources */ = {
			isa = PBXResourcesBuildPhase;
			buildActionMask = 2147483647;
			files = (
				6DFEB08724FCD7740069004C /* LaunchScreen.storyboard in Resources */,
				6DFEB08424FCD7740069004C /* Preview Assets.xcassets in Resources */,
				6DFEB08124FCD7740069004C /* Assets.xcassets in Resources */,
			);
			runOnlyForDeploymentPostprocessing = 0;
		};
		6DFEB08B24FCD7740069004C /* Resources */ = {
			isa = PBXResourcesBuildPhase;
			buildActionMask = 2147483647;
			files = (
			);
			runOnlyForDeploymentPostprocessing = 0;
		};
		6DFEB09624FCD7740069004C /* Resources */ = {
			isa = PBXResourcesBuildPhase;
			buildActionMask = 2147483647;
			files = (
			);
			runOnlyForDeploymentPostprocessing = 0;
		};
/* End PBXResourcesBuildPhase section */

/* Begin PBXSourcesBuildPhase section */
		6DFEB07024FCD7720069004C /* Sources */ = {
			isa = PBXSourcesBuildPhase;
			buildActionMask = 2147483647;
			files = (
				6DFEB07824FCD7720069004C /* AppDelegate.swift in Sources */,
				6DFEB07A24FCD7720069004C /* SceneDelegate.swift in Sources */,
				6DFEB07F24FCD7720069004C /* ContentView.swift in Sources */,
				6DFEB07D24FCD7720069004C /* CounterApp.xcdatamodeld in Sources */,
			);
			runOnlyForDeploymentPostprocessing = 0;
		};
		6DFEB08924FCD7740069004C /* Sources */ = {
			isa = PBXSourcesBuildPhase;
			buildActionMask = 2147483647;
			files = (
				6DFEB09224FCD7740069004C /* CounterAppTests.swift in Sources */,
			);
			runOnlyForDeploymentPostprocessing = 0;
		};
		6DFEB09424FCD7740069004C /* Sources */ = {
			isa = PBXSourcesBuildPhase;
			buildActionMask = 2147483647;
			files = (
				6DFEB09D24FCD7740069004C /* CounterAppUITests.swift in Sources */,
			);
			runOnlyForDeploymentPostprocessing = 0;
		};
/* End PBXSourcesBuildPhase section */

/* Begin PBXTargetDependency section */
		6DFEB08F24FCD7740069004C /* PBXTargetDependency */ = {
			isa = PBXTargetDependency;
			target = 6DFEB07324FCD7720069004C /* CounterApp */;
			targetProxy = 6DFEB08E24FCD7740069004C /* PBXContainerItemProxy */;
		};
		6DFEB09A24FCD7740069004C /* PBXTargetDependency */ = {
			isa = PBXTargetDependency;
			target = 6DFEB07324FCD7720069004C /* CounterApp */;
			targetProxy = 6DFEB09924FCD7740069004C /* PBXContainerItemProxy */;
		};
/* End PBXTargetDependency section */

/* Begin PBXVariantGroup section */
		6DFEB08524FCD7740069004C /* LaunchScreen.storyboard */ = {
			isa = PBXVariantGroup;
			children = (
				6DFEB08624FCD7740069004C /* Base */,
			);
			name = LaunchScreen.storyboard;
			sourceTree = "<group>";
		};
/* End PBXVariantGroup section */

/* Begin XCBuildConfiguration section */
		6DFEB09F24FCD7740069004C /* Debug */ = {
			isa = XCBuildConfiguration;
			buildSettings = {
				ALWAYS_SEARCH_USER_PATHS = NO;
				CLANG_ANALYZER_NONNULL = YES;
				CLANG_ANALYZER_NUMBER_OBJECT_CONVERSION = YES_AGGRESSIVE;
				CLANG_CXX_LANGUAGE_STANDARD = "gnu++14";
				CLANG_CXX_LIBRARY = "libc++";
				CLANG_ENABLE_MODULES = YES;
				CLANG_ENABLE_OBJC_ARC = YES;
				CLANG_ENABLE_OBJC_WEAK = YES;
				CLANG_WARN_BLOCK_CAPTURE_AUTORELEASING = YES;
				CLANG_WARN_BOOL_CONVERSION = YES;
				CLANG_WARN_COMMA = YES;
				CLANG_WARN_CONSTANT_CONVERSION = YES;
				CLANG_WARN_DEPRECATED_OBJC_IMPLEMENTATIONS = YES;
				CLANG_WARN_DIRECT_OBJC_ISA_USAGE = YES_ERROR;
				CLANG_WARN_DOCUMENTATION_COMMENTS = YES;
				CLANG_WARN_EMPTY_BODY = YES;
				CLANG_WARN_ENUM_CONVERSION = YES;
				CLANG_WARN_INFINITE_RECURSION = YES;
				CLANG_WARN_INT_CONVERSION = YES;
				CLANG_WARN_NON_LITERAL_NULL_CONVERSION = YES;
				CLANG_WARN_OBJC_IMPLICIT_RETAIN_SELF = YES;
				CLANG_WARN_OBJC_LITERAL_CONVERSION = YES;
				CLANG_WARN_OBJC_ROOT_CLASS = YES_ERROR;
				CLANG_WARN_RANGE_LOOP_ANALYSIS = YES;
				CLANG_WARN_STRICT_PROTOTYPES = YES;
				CLANG_WARN_SUSPICIOUS_MOVE = YES;
				CLANG_WARN_UNGUARDED_AVAILABILITY = YES_AGGRESSIVE;
				CLANG_WARN_UNREACHABLE_CODE = YES;
				CLANG_WARN__DUPLICATE_METHOD_MATCH = YES;
				COPY_PHASE_STRIP = NO;
				DEBUG_INFORMATION_FORMAT = dwarf;
				ENABLE_STRICT_OBJC_MSGSEND = YES;
				ENABLE_TESTABILITY = YES;
				GCC_C_LANGUAGE_STANDARD = gnu11;
				GCC_DYNAMIC_NO_PIC = NO;
				GCC_NO_COMMON_BLOCKS = YES;
				GCC_OPTIMIZATION_LEVEL = 0;
				GCC_PREPROCESSOR_DEFINITIONS = (
					"DEBUG=1",
					"$(inherited)",
				);
				GCC_WARN_64_TO_32_BIT_CONVERSION = YES;
				GCC_WARN_ABOUT_RETURN_TYPE = YES_ERROR;
				GCC_WARN_UNDECLARED_SELECTOR = YES;
				GCC_WARN_UNINITIALIZED_AUTOS = YES_AGGRESSIVE;
				GCC_WARN_UNUSED_FUNCTION = YES;
				GCC_WARN_UNUSED_VARIABLE = YES;
				IPHONEOS_DEPLOYMENT_TARGET = 13.6;
				MTL_ENABLE_DEBUG_INFO = INCLUDE_SOURCE;
				MTL_FAST_MATH = YES;
				ONLY_ACTIVE_ARCH = YES;
				SDKROOT = iphoneos;
				SWIFT_ACTIVE_COMPILATION_CONDITIONS = DEBUG;
				SWIFT_OPTIMIZATION_LEVEL = "-Onone";
			};
			name = Debug;
		};
		6DFEB0A024FCD7740069004C /* Release */ = {
			isa = XCBuildConfiguration;
			buildSettings = {
				ALWAYS_SEARCH_USER_PATHS = NO;
				CLANG_ANALYZER_NONNULL = YES;
				CLANG_ANALYZER_NUMBER_OBJECT_CONVERSION = YES_AGGRESSIVE;
				CLANG_CXX_LANGUAGE_STANDARD = "gnu++14";
				CLANG_CXX_LIBRARY = "libc++";
				CLANG_ENABLE_MODULES = YES;
				CLANG_ENABLE_OBJC_ARC = YES;
				CLANG_ENABLE_OBJC_WEAK = YES;
				CLANG_WARN_BLOCK_CAPTURE_AUTORELEASING = YES;
				CLANG_WARN_BOOL_CONVERSION = YES;
				CLANG_WARN_COMMA = YES;
				CLANG_WARN_CONSTANT_CONVERSION = YES;
				CLANG_WARN_DEPRECATED_OBJC_IMPLEMENTATIONS = YES;
				CLANG_WARN_DIRECT_OBJC_ISA_USAGE = YES_ERROR;
				CLANG_WARN_DOCUMENTATION_COMMENTS = YES;
				CLANG_WARN_EMPTY_BODY = YES;
				CLANG_WARN_ENUM_CONVERSION = YES;
				CLANG_WARN_INFINITE_RECURSION = YES;
				CLANG_WARN_INT_CONVERSION = YES;
				CLANG_WARN_NON_LITERAL_NULL_CONVERSION = YES;
				CLANG_WARN_OBJC_IMPLICIT_RETAIN_SELF = YES;
				CLANG_WARN_OBJC_LITERAL_CONVERSION = YES;
				CLANG_WARN_OBJC_ROOT_CLASS = YES_ERROR;
				CLANG_WARN_RANGE_LOOP_ANALYSIS = YES;
				CLANG_WARN_STRICT_PROTOTYPES = YES;
				CLANG_WARN_SUSPICIOUS_MOVE = YES;
				CLANG_WARN_UNGUARDED_AVAILABILITY = YES_AGGRESSIVE;
				CLANG_WARN_UNREACHABLE_CODE = YES;
				CLANG_WARN__DUPLICATE_METHOD_MATCH = YES;
				COPY_PHASE_STRIP = NO;
				DEBUG_INFORMATION_FORMAT = "dwarf-with-dsym";
				ENABLE_NS_ASSERTIONS = NO;
				ENABLE_STRICT_OBJC_MSGSEND = YES;
				GCC_C_LANGUAGE_STANDARD = gnu11;
				GCC_NO_COMMON_BLOCKS = YES;
				GCC_WARN_64_TO_32_BIT_CONVERSION = YES;
				GCC_WARN_ABOUT_RETURN_TYPE = YES_ERROR;
				GCC_WARN_UNDECLARED_SELECTOR = YES;
				GCC_WARN_UNINITIALIZED_AUTOS = YES_AGGRESSIVE;
				GCC_WARN_UNUSED_FUNCTION = YES;
				GCC_WARN_UNUSED_VARIABLE = YES;
				IPHONEOS_DEPLOYMENT_TARGET = 13.6;
				MTL_ENABLE_DEBUG_INFO = NO;
				MTL_FAST_MATH = YES;
				SDKROOT = iphoneos;
				SWIFT_COMPILATION_MODE = wholemodule;
				SWIFT_OPTIMIZATION_LEVEL = "-O";
				VALIDATE_PRODUCT = YES;
			};
			name = Release;
		};
		6DFEB0A224FCD7740069004C /* Debug */ = {
			isa = XCBuildConfiguration;
			buildSettings = {
				ASSETCATALOG_COMPILER_APPICON_NAME = AppIcon;
				CODE_SIGN_STYLE = Automatic;
				DEVELOPMENT_ASSET_PATHS = "\"CounterApp/Preview Content\"";
				ENABLE_PREVIEWS = YES;
				INFOPLIST_FILE = CounterApp/Info.plist;
				LD_RUNPATH_SEARCH_PATHS = (
					"$(inherited)",
					"@executable_path/Frameworks",
				);
				PRODUCT_BUNDLE_IDENTIFIER = me.takehiro.CounterApp;
				PRODUCT_NAME = "$(TARGET_NAME)";
				SWIFT_VERSION = 5.0;
				TARGETED_DEVICE_FAMILY = "1,2";
			};
			name = Debug;
		};
		6DFEB0A324FCD7740069004C /* Release */ = {
			isa = XCBuildConfiguration;
			buildSettings = {
				ASSETCATALOG_COMPILER_APPICON_NAME = AppIcon;
				CODE_SIGN_STYLE = Automatic;
				DEVELOPMENT_ASSET_PATHS = "\"CounterApp/Preview Content\"";
				ENABLE_PREVIEWS = YES;
				INFOPLIST_FILE = CounterApp/Info.plist;
				LD_RUNPATH_SEARCH_PATHS = (
					"$(inherited)",
					"@executable_path/Frameworks",
				);
				PRODUCT_BUNDLE_IDENTIFIER = me.takehiro.CounterApp;
				PRODUCT_NAME = "$(TARGET_NAME)";
				SWIFT_VERSION = 5.0;
				TARGETED_DEVICE_FAMILY = "1,2";
			};
			name = Release;
		};
		6DFEB0A524FCD7740069004C /* Debug */ = {
			isa = XCBuildConfiguration;
			buildSettings = {
				ALWAYS_EMBED_SWIFT_STANDARD_LIBRARIES = YES;
				BUNDLE_LOADER = "$(TEST_HOST)";
				CODE_SIGN_STYLE = Automatic;
				INFOPLIST_FILE = CounterAppTests/Info.plist;
				IPHONEOS_DEPLOYMENT_TARGET = 13.6;
				LD_RUNPATH_SEARCH_PATHS = (
					"$(inherited)",
					"@executable_path/Frameworks",
					"@loader_path/Frameworks",
				);
				PRODUCT_BUNDLE_IDENTIFIER = me.takehiro.CounterAppTests;
				PRODUCT_NAME = "$(TARGET_NAME)";
				SWIFT_VERSION = 5.0;
				TARGETED_DEVICE_FAMILY = "1,2";
				TEST_HOST = "$(BUILT_PRODUCTS_DIR)/CounterApp.app/CounterApp";
			};
			name = Debug;
		};
		6DFEB0A624FCD7740069004C /* Release */ = {
			isa = XCBuildConfiguration;
			buildSettings = {
				ALWAYS_EMBED_SWIFT_STANDARD_LIBRARIES = YES;
				BUNDLE_LOADER = "$(TEST_HOST)";
				CODE_SIGN_STYLE = Automatic;
				INFOPLIST_FILE = CounterAppTests/Info.plist;
				IPHONEOS_DEPLOYMENT_TARGET = 13.6;
				LD_RUNPATH_SEARCH_PATHS = (
					"$(inherited)",
					"@executable_path/Frameworks",
					"@loader_path/Frameworks",
				);
				PRODUCT_BUNDLE_IDENTIFIER = me.takehiro.CounterAppTests;
				PRODUCT_NAME = "$(TARGET_NAME)";
				SWIFT_VERSION = 5.0;
				TARGETED_DEVICE_FAMILY = "1,2";
				TEST_HOST = "$(BUILT_PRODUCTS_DIR)/CounterApp.app/CounterApp";
			};
			name = Release;
		};
		6DFEB0A824FCD7740069004C /* Debug */ = {
			isa = XCBuildConfiguration;
			buildSettings = {
				ALWAYS_EMBED_SWIFT_STANDARD_LIBRARIES = YES;
				CODE_SIGN_STYLE = Automatic;
				INFOPLIST_FILE = CounterAppUITests/Info.plist;
				LD_RUNPATH_SEARCH_PATHS = (
					"$(inherited)",
					"@executable_path/Frameworks",
					"@loader_path/Frameworks",
				);
				PRODUCT_BUNDLE_IDENTIFIER = me.takehiro.CounterAppUITests;
				PRODUCT_NAME = "$(TARGET_NAME)";
				SWIFT_VERSION = 5.0;
				TARGETED_DEVICE_FAMILY = "1,2";
				TEST_TARGET_NAME = CounterApp;
			};
			name = Debug;
		};
		6DFEB0A924FCD7740069004C /* Release */ = {
			isa = XCBuildConfiguration;
			buildSettings = {
				ALWAYS_EMBED_SWIFT_STANDARD_LIBRARIES = YES;
				CODE_SIGN_STYLE = Automatic;
				INFOPLIST_FILE = CounterAppUITests/Info.plist;
				LD_RUNPATH_SEARCH_PATHS = (
					"$(inherited)",
					"@executable_path/Frameworks",
					"@loader_path/Frameworks",
				);
				PRODUCT_BUNDLE_IDENTIFIER = me.takehiro.CounterAppUITests;
				PRODUCT_NAME = "$(TARGET_NAME)";
				SWIFT_VERSION = 5.0;
				TARGETED_DEVICE_FAMILY = "1,2";
				TEST_TARGET_NAME = CounterApp;
			};
			name = Release;
		};
/* End XCBuildConfiguration section */

/* Begin XCConfigurationList section */
		6DFEB06F24FCD7720069004C /* Build configuration list for PBXProject "CounterApp" */ = {
			isa = XCConfigurationList;
			buildConfigurations = (
				6DFEB09F24FCD7740069004C /* Debug */,
				6DFEB0A024FCD7740069004C /* Release */,
			);
			defaultConfigurationIsVisible = 0;
			defaultConfigurationName = Release;
		};
		6DFEB0A124FCD7740069004C /* Build configuration list for PBXNativeTarget "CounterApp" */ = {
			isa = XCConfigurationList;
			buildConfigurations = (
				6DFEB0A224FCD7740069004C /* Debug */,
				6DFEB0A324FCD7740069004C /* Release */,
			);
			defaultConfigurationIsVisible = 0;
			defaultConfigurationName = Release;
		};
		6DFEB0A424FCD7740069004C /* Build configuration list for PBXNativeTarget "CounterAppTests" */ = {
			isa = XCConfigurationList;
			buildConfigurations = (
				6DFEB0A524FCD7740069004C /* Debug */,
				6DFEB0A624FCD7740069004C /* Release */,
			);
			defaultConfigurationIsVisible = 0;
			defaultConfigurationName = Release;
		};
		6DFEB0A724FCD7740069004C /* Build configuration list for PBXNativeTarget "CounterAppUITests" */ = {
			isa = XCConfigurationList;
			buildConfigurations = (
				6DFEB0A824FCD7740069004C /* Debug */,
				6DFEB0A924FCD7740069004C /* Release */,
			);
			defaultConfigurationIsVisible = 0;
			defaultConfigurationName = Release;
		};
/* End XCConfigurationList section */

/* Begin XCVersionGroup section */
		6DFEB07B24FCD7720069004C /* CounterApp.xcdatamodeld */ = {
			isa = XCVersionGroup;
			children = (
				6DFEB07C24FCD7720069004C /* CounterApp.xcdatamodel */,
			);
			currentVersion = 6DFEB07C24FCD7720069004C /* CounterApp.xcdatamodel */;
			path = CounterApp.xcdatamodeld;
			sourceTree = "<group>";
			versionGroupType = wrapper.xcdatamodel;
		};
/* End XCVersionGroup section */
	};
	rootObject = 6DFEB06C24FCD7720069004C /* Project object */;
}
